// !$*UTF8*$!
{
	archiveVersion = 1;
	classes = {
	};
	objectVersion = 46;
	objects = {

/* Begin PBXBuildFile section */
		AB3E09BC1D972FF200600F0E /* main.m in Sources */ = {isa = PBXBuildFile; fileRef = AB3E09BB1D972FF100600F0E /* main.m */; };
		AB3E09BF1D972FF200600F0E /* AppDelegate.m in Sources */ = {isa = PBXBuildFile; fileRef = AB3E09BE1D972FF200600F0E /* AppDelegate.m */; };
		AB3E09C21D972FF200600F0E /* FirstViewController.m in Sources */ = {isa = PBXBuildFile; fileRef = AB3E09C11D972FF200600F0E /* FirstViewController.m */; };
		AB3E09C51D972FF200600F0E /* EventViewController.m in Sources */ = {isa = PBXBuildFile; fileRef = AB3E09C41D972FF200600F0E /* EventViewController.m */; };
		AB3E09C81D972FF200600F0E /* Main.storyboard in Resources */ = {isa = PBXBuildFile; fileRef = AB3E09C61D972FF200600F0E /* Main.storyboard */; };
		AB3E09CA1D972FF200600F0E /* Assets.xcassets in Resources */ = {isa = PBXBuildFile; fileRef = AB3E09C91D972FF200600F0E /* Assets.xcassets */; };
		AB3E09CD1D972FF200600F0E /* LaunchScreen.storyboard in Resources */ = {isa = PBXBuildFile; fileRef = AB3E09CB1D972FF200600F0E /* LaunchScreen.storyboard */; };
		AB3E09D51D97325600600F0E /* Podfile in Resources */ = {isa = PBXBuildFile; fileRef = AB3E09D41D97325600600F0E /* Podfile */; };
		AB3E09D71D97369C00600F0E /* Event.json in Resources */ = {isa = PBXBuildFile; fileRef = AB3E09D61D97369C00600F0E /* Event.json */; };
		AB62E9331D97458800D6E325 /* UIColor_Hex.framework in Frameworks */ = {isa = PBXBuildFile; fileRef = AB62E9321D97458800D6E325 /* UIColor_Hex.framework */; };
		AB62E9351D97458B00D6E325 /* Pods_FaithMingle.framework in Frameworks */ = {isa = PBXBuildFile; fileRef = AB62E9341D97458B00D6E325 /* Pods_FaithMingle.framework */; };
		AB62E9371D974BC100D6E325 /* CVCalendar.framework in Frameworks */ = {isa = PBXBuildFile; fileRef = AB62E9361D974BC100D6E325 /* CVCalendar.framework */; };
		AB82BACB1D973DF9004EF884 /* AFNetworking.framework in Frameworks */ = {isa = PBXBuildFile; fileRef = AB82BAC91D973DF9004EF884 /* AFNetworking.framework */; };
		AB82BACC1D973DF9004EF884 /* Calendar_iOS.framework in Frameworks */ = {isa = PBXBuildFile; fileRef = AB82BACA1D973DF9004EF884 /* Calendar_iOS.framework */; };
		C81C6DFD05542759BCEEDB85 /* Pods_FaithMingle.framework in Frameworks */ = {isa = PBXBuildFile; fileRef = A229BF1114B0B3B5C6545341 /* Pods_FaithMingle.framework */; };
/* End PBXBuildFile section */

/* Begin PBXFileReference section */
		4AE4E3AB3C5500B1AB6A89BE /* Pods-FaithMingle.release.xcconfig */ = {isa = PBXFileReference; includeInIndex = 1; lastKnownFileType = text.xcconfig; name = "Pods-FaithMingle.release.xcconfig"; path = "Pods/Target Support Files/Pods-FaithMingle/Pods-FaithMingle.release.xcconfig"; sourceTree = "<group>"; };
		8A75907722D4C5E46A069D40 /* Pods-FaithMingle.debug.xcconfig */ = {isa = PBXFileReference; includeInIndex = 1; lastKnownFileType = text.xcconfig; name = "Pods-FaithMingle.debug.xcconfig"; path = "Pods/Target Support Files/Pods-FaithMingle/Pods-FaithMingle.debug.xcconfig"; sourceTree = "<group>"; };
		A229BF1114B0B3B5C6545341 /* Pods_FaithMingle.framework */ = {isa = PBXFileReference; explicitFileType = wrapper.framework; includeInIndex = 0; path = Pods_FaithMingle.framework; sourceTree = BUILT_PRODUCTS_DIR; };
		AB3E09B71D972FF100600F0E /* FaithMingle.app */ = {isa = PBXFileReference; explicitFileType = wrapper.application; includeInIndex = 0; path = FaithMingle.app; sourceTree = BUILT_PRODUCTS_DIR; };
		AB3E09BB1D972FF100600F0E /* main.m */ = {isa = PBXFileReference; lastKnownFileType = sourcecode.c.objc; path = main.m; sourceTree = "<group>"; };
		AB3E09BD1D972FF200600F0E /* AppDelegate.h */ = {isa = PBXFileReference; lastKnownFileType = sourcecode.c.h; path = AppDelegate.h; sourceTree = "<group>"; };
		AB3E09BE1D972FF200600F0E /* AppDelegate.m */ = {isa = PBXFileReference; lastKnownFileType = sourcecode.c.objc; path = AppDelegate.m; sourceTree = "<group>"; };
		AB3E09C01D972FF200600F0E /* FirstViewController.h */ = {isa = PBXFileReference; lastKnownFileType = sourcecode.c.h; path = FirstViewController.h; sourceTree = "<group>"; };
		AB3E09C11D972FF200600F0E /* FirstViewController.m */ = {isa = PBXFileReference; lastKnownFileType = sourcecode.c.objc; path = FirstViewController.m; sourceTree = "<group>"; };
		AB3E09C31D972FF200600F0E /* EventViewController.h */ = {isa = PBXFileReference; lastKnownFileType = sourcecode.c.h; path = EventViewController.h; sourceTree = "<group>"; };
		AB3E09C41D972FF200600F0E /* EventViewController.m */ = {isa = PBXFileReference; lastKnownFileType = sourcecode.c.objc; path = EventViewController.m; sourceTree = "<group>"; };
		AB3E09C71D972FF200600F0E /* Base */ = {isa = PBXFileReference; lastKnownFileType = file.storyboard; name = Base; path = Base.lproj/Main.storyboard; sourceTree = "<group>"; };
		AB3E09C91D972FF200600F0E /* Assets.xcassets */ = {isa = PBXFileReference; lastKnownFileType = folder.assetcatalog; path = Assets.xcassets; sourceTree = "<group>"; };
		AB3E09CC1D972FF200600F0E /* Base */ = {isa = PBXFileReference; lastKnownFileType = file.storyboard; name = Base; path = Base.lproj/LaunchScreen.storyboard; sourceTree = "<group>"; };
		AB3E09CE1D972FF200600F0E /* Info.plist */ = {isa = PBXFileReference; lastKnownFileType = text.plist.xml; path = Info.plist; sourceTree = "<group>"; };
		AB3E09D41D97325600600F0E /* Podfile */ = {isa = PBXFileReference; fileEncoding = 4; lastKnownFileType = text; path = Podfile; sourceTree = "<group>"; xcLanguageSpecificationIdentifier = xcode.lang.ruby; };
		AB3E09D61D97369C00600F0E /* Event.json */ = {isa = PBXFileReference; fileEncoding = 4; lastKnownFileType = text.json; path = Event.json; sourceTree = "<group>"; };
		AB62E9321D97458800D6E325 /* UIColor_Hex.framework */ = {isa = PBXFileReference; lastKnownFileType = wrapper.framework; name = UIColor_Hex.framework; path = "../../../../Library/Developer/Xcode/DerivedData/FaithMingle-bekzowngubmkneclkqyqmonwfdra/Build/Products/Debug-iphonesimulator/UIColor+Hex/UIColor_Hex.framework"; sourceTree = "<group>"; };
		AB62E9341D97458B00D6E325 /* Pods_FaithMingle.framework */ = {isa = PBXFileReference; lastKnownFileType = wrapper.framework; name = Pods_FaithMingle.framework; path = "../../../../Library/Developer/Xcode/DerivedData/FaithMingle-bekzowngubmkneclkqyqmonwfdra/Build/Products/Debug-iphonesimulator/Pods_FaithMingle.framework"; sourceTree = "<group>"; };
		AB62E9361D974BC100D6E325 /* CVCalendar.framework */ = {isa = PBXFileReference; lastKnownFileType = wrapper.framework; name = CVCalendar.framework; path = "Pods/../build/Debug-iphoneos/CVCalendar/CVCalendar.framework"; sourceTree = "<group>"; };
		AB62E9381D974EA200D6E325 /* FaithMingle-Swift.h */ = {isa = PBXFileReference; lastKnownFileType = sourcecode.c.h; path = "FaithMingle-Swift.h"; sourceTree = "<group>"; };
		AB82BAC91D973DF9004EF884 /* AFNetworking.framework */ = {isa = PBXFileReference; lastKnownFileType = wrapper.framework; name = AFNetworking.framework; path = "../../../../Library/Developer/Xcode/DerivedData/FaithMingle-bekzowngubmkneclkqyqmonwfdra/Build/Products/Debug-iphonesimulator/AFNetworking/AFNetworking.framework"; sourceTree = "<group>"; };
		AB82BACA1D973DF9004EF884 /* Calendar_iOS.framework */ = {isa = PBXFileReference; lastKnownFileType = wrapper.framework; name = Calendar_iOS.framework; path = "../../../../Library/Developer/Xcode/DerivedData/FaithMingle-bekzowngubmkneclkqyqmonwfdra/Build/Products/Debug-iphonesimulator/Calendar-iOS/Calendar_iOS.framework"; sourceTree = "<group>"; };
/* End PBXFileReference section */

/* Begin PBXFrameworksBuildPhase section */
		AB3E09B41D972FF100600F0E /* Frameworks */ = {
			isa = PBXFrameworksBuildPhase;
			buildActionMask = 2147483647;
			files = (
				AB62E9371D974BC100D6E325 /* CVCalendar.framework in Frameworks */,
				AB62E9351D97458B00D6E325 /* Pods_FaithMingle.framework in Frameworks */,
				AB62E9331D97458800D6E325 /* UIColor_Hex.framework in Frameworks */,
				AB82BACB1D973DF9004EF884 /* AFNetworking.framework in Frameworks */,
				AB82BACC1D973DF9004EF884 /* Calendar_iOS.framework in Frameworks */,
				C81C6DFD05542759BCEEDB85 /* Pods_FaithMingle.framework in Frameworks */,
			);
			runOnlyForDeploymentPostprocessing = 0;
		};
/* End PBXFrameworksBuildPhase section */

/* Begin PBXGroup section */
		1735459069E9E24126FA5523 /* Frameworks */ = {
			isa = PBXGroup;
			children = (
				AB62E9361D974BC100D6E325 /* CVCalendar.framework */,
				AB62E9341D97458B00D6E325 /* Pods_FaithMingle.framework */,
				AB62E9321D97458800D6E325 /* UIColor_Hex.framework */,
				AB82BAC91D973DF9004EF884 /* AFNetworking.framework */,
				AB82BACA1D973DF9004EF884 /* Calendar_iOS.framework */,
				A229BF1114B0B3B5C6545341 /* Pods_FaithMingle.framework */,
			);
			name = Frameworks;
			sourceTree = "<group>";
		};
		4E04A0B61C997610D9636892 /* Pods */ = {
			isa = PBXGroup;
			children = (
				8A75907722D4C5E46A069D40 /* Pods-FaithMingle.debug.xcconfig */,
				4AE4E3AB3C5500B1AB6A89BE /* Pods-FaithMingle.release.xcconfig */,
			);
			name = Pods;
			sourceTree = "<group>";
		};
		AB3E09AE1D972FF100600F0E = {
			isa = PBXGroup;
			children = (
				AB3E09D41D97325600600F0E /* Podfile */,
				AB3E09B91D972FF100600F0E /* FaithMingle */,
				AB3E09B81D972FF100600F0E /* Products */,
				4E04A0B61C997610D9636892 /* Pods */,
				1735459069E9E24126FA5523 /* Frameworks */,
			);
			sourceTree = "<group>";
		};
		AB3E09B81D972FF100600F0E /* Products */ = {
			isa = PBXGroup;
			children = (
				AB3E09B71D972FF100600F0E /* FaithMingle.app */,
			);
			name = Products;
			sourceTree = "<group>";
		};
		AB3E09B91D972FF100600F0E /* FaithMingle */ = {
			isa = PBXGroup;
			children = (
				AB3E09BD1D972FF200600F0E /* AppDelegate.h */,
				AB3E09BE1D972FF200600F0E /* AppDelegate.m */,
				AB3E09C01D972FF200600F0E /* FirstViewController.h */,
				AB3E09C11D972FF200600F0E /* FirstViewController.m */,
				AB3E09C31D972FF200600F0E /* EventViewController.h */,
				AB3E09C41D972FF200600F0E /* EventViewController.m */,
				AB3E09C61D972FF200600F0E /* Main.storyboard */,
				AB3E09C91D972FF200600F0E /* Assets.xcassets */,
				AB3E09CB1D972FF200600F0E /* LaunchScreen.storyboard */,
				AB3E09CE1D972FF200600F0E /* Info.plist */,
				AB3E09BA1D972FF100600F0E /* Supporting Files */,
				AB62E9381D974EA200D6E325 /* FaithMingle-Swift.h */,
			);
			path = FaithMingle;
			sourceTree = "<group>";
		};
		AB3E09BA1D972FF100600F0E /* Supporting Files */ = {
			isa = PBXGroup;
			children = (
				AB3E09BB1D972FF100600F0E /* main.m */,
				AB3E09D61D97369C00600F0E /* Event.json */,
			);
			name = "Supporting Files";
			sourceTree = "<group>";
		};
/* End PBXGroup section */

/* Begin PBXNativeTarget section */
		AB3E09B61D972FF100600F0E /* FaithMingle */ = {
			isa = PBXNativeTarget;
			buildConfigurationList = AB3E09D11D972FF200600F0E /* Build configuration list for PBXNativeTarget "FaithMingle" */;
			buildPhases = (
				D345F69D56FC2AF7B587280E /* [CP] Check Pods Manifest.lock */,
				AB3E09B31D972FF100600F0E /* Sources */,
				AB3E09B41D972FF100600F0E /* Frameworks */,
				AB3E09B51D972FF100600F0E /* Resources */,
				59DA307E71FB30869E50D53C /* [CP] Embed Pods Frameworks */,
				502A922214A74F62B9811600 /* [CP] Copy Pods Resources */,
			);
			buildRules = (
			);
			dependencies = (
			);
			name = FaithMingle;
			productName = FaithMingle;
			productReference = AB3E09B71D972FF100600F0E /* FaithMingle.app */;
			productType = "com.apple.product-type.application";
		};
/* End PBXNativeTarget section */

/* Begin PBXProject section */
		AB3E09AF1D972FF100600F0E /* Project object */ = {
			isa = PBXProject;
			attributes = {
				LastUpgradeCheck = 0800;
				ORGANIZATIONNAME = "Yun Li";
				TargetAttributes = {
					AB3E09B61D972FF100600F0E = {
						CreatedOnToolsVersion = 8.0;
						DevelopmentTeam = WBBPPH2MW5;
						ProvisioningStyle = Automatic;
					};
				};
			};
			buildConfigurationList = AB3E09B21D972FF100600F0E /* Build configuration list for PBXProject "FaithMingle" */;
			compatibilityVersion = "Xcode 3.2";
			developmentRegion = English;
			hasScannedForEncodings = 0;
			knownRegions = (
				en,
				Base,
			);
			mainGroup = AB3E09AE1D972FF100600F0E;
			productRefGroup = AB3E09B81D972FF100600F0E /* Products */;
			projectDirPath = "";
			projectRoot = "";
			targets = (
				AB3E09B61D972FF100600F0E /* FaithMingle */,
			);
		};
/* End PBXProject section */

/* Begin PBXResourcesBuildPhase section */
		AB3E09B51D972FF100600F0E /* Resources */ = {
			isa = PBXResourcesBuildPhase;
			buildActionMask = 2147483647;
			files = (
				AB3E09CD1D972FF200600F0E /* LaunchScreen.storyboard in Resources */,
				AB3E09CA1D972FF200600F0E /* Assets.xcassets in Resources */,
				AB3E09D51D97325600600F0E /* Podfile in Resources */,
				AB3E09D71D97369C00600F0E /* Event.json in Resources */,
				AB3E09C81D972FF200600F0E /* Main.storyboard in Resources */,
			);
			runOnlyForDeploymentPostprocessing = 0;
		};
/* End PBXResourcesBuildPhase section */

/* Begin PBXShellScriptBuildPhase section */
		502A922214A74F62B9811600 /* [CP] Copy Pods Resources */ = {
			isa = PBXShellScriptBuildPhase;
			buildActionMask = 2147483647;
			files = (
			);
			inputPaths = (
			);
			name = "[CP] Copy Pods Resources";
			outputPaths = (
			);
			runOnlyForDeploymentPostprocessing = 0;
			shellPath = /bin/sh;
			shellScript = "\"${SRCROOT}/Pods/Target Support Files/Pods-FaithMingle/Pods-FaithMingle-resources.sh\"\n";
			showEnvVarsInLog = 0;
		};
		59DA307E71FB30869E50D53C /* [CP] Embed Pods Frameworks */ = {
			isa = PBXShellScriptBuildPhase;
			buildActionMask = 2147483647;
			files = (
			);
			inputPaths = (
			);
			name = "[CP] Embed Pods Frameworks";
			outputPaths = (
			);
			runOnlyForDeploymentPostprocessing = 0;
			shellPath = /bin/sh;
			shellScript = "\"${SRCROOT}/Pods/Target Support Files/Pods-FaithMingle/Pods-FaithMingle-frameworks.sh\"\n";
			showEnvVarsInLog = 0;
		};
		D345F69D56FC2AF7B587280E /* [CP] Check Pods Manifest.lock */ = {
			isa = PBXShellScriptBuildPhase;
			buildActionMask = 2147483647;
			files = (
			);
			inputPaths = (
			);
			name = "[CP] Check Pods Manifest.lock";
			outputPaths = (
			);
			runOnlyForDeploymentPostprocessing = 0;
			shellPath = /bin/sh;
			shellScript = "diff \"${PODS_ROOT}/../Podfile.lock\" \"${PODS_ROOT}/Manifest.lock\" > /dev/null\nif [ $? != 0 ] ; then\n    # print error to STDERR\n    echo \"error: The sandbox is not in sync with the Podfile.lock. Run 'pod install' or update your CocoaPods installation.\" >&2\n    exit 1\nfi\n";
			showEnvVarsInLog = 0;
		};
/* End PBXShellScriptBuildPhase section */

/* Begin PBXSourcesBuildPhase section */
		AB3E09B31D972FF100600F0E /* Sources */ = {
			isa = PBXSourcesBuildPhase;
			buildActionMask = 2147483647;
			files = (
				AB3E09C51D972FF200600F0E /* EventViewController.m in Sources */,
				AB3E09BF1D972FF200600F0E /* AppDelegate.m in Sources */,
				AB3E09C21D972FF200600F0E /* FirstViewController.m in Sources */,
				AB3E09BC1D972FF200600F0E /* main.m in Sources */,
			);
			runOnlyForDeploymentPostprocessing = 0;
		};
/* End PBXSourcesBuildPhase section */

/* Begin PBXVariantGroup section */
		AB3E09C61D972FF200600F0E /* Main.storyboard */ = {
			isa = PBXVariantGroup;
			children = (
				AB3E09C71D972FF200600F0E /* Base */,
			);
			name = Main.storyboard;
			sourceTree = "<group>";
		};
		AB3E09CB1D972FF200600F0E /* LaunchScreen.storyboard */ = {
			isa = PBXVariantGroup;
			children = (
				AB3E09CC1D972FF200600F0E /* Base */,
			);
			name = LaunchScreen.storyboard;
			sourceTree = "<group>";
		};
/* End PBXVariantGroup section */

/* Begin XCBuildConfiguration section */
		AB3E09CF1D972FF200600F0E /* Debug */ = {
			isa = XCBuildConfiguration;
			buildSettings = {
				ALWAYS_SEARCH_USER_PATHS = NO;
				CLANG_ANALYZER_NONNULL = YES;
				CLANG_CXX_LANGUAGE_STANDARD = "gnu++0x";
				CLANG_CXX_LIBRARY = "libc++";
				CLANG_ENABLE_MODULES = YES;
				CLANG_ENABLE_OBJC_ARC = YES;
				CLANG_WARN_BOOL_CONVERSION = YES;
				CLANG_WARN_CONSTANT_CONVERSION = YES;
				CLANG_WARN_DIRECT_OBJC_ISA_USAGE = YES_ERROR;
				CLANG_WARN_DOCUMENTATION_COMMENTS = YES;
				CLANG_WARN_EMPTY_BODY = YES;
				CLANG_WARN_ENUM_CONVERSION = YES;
				CLANG_WARN_INFINITE_RECURSION = YES;
				CLANG_WARN_INT_CONVERSION = YES;
				CLANG_WARN_OBJC_ROOT_CLASS = YES_ERROR;
				CLANG_WARN_SUSPICIOUS_MOVES = YES;
				CLANG_WARN_UNREACHABLE_CODE = YES;
				CLANG_WARN__DUPLICATE_METHOD_MATCH = YES;
				"CODE_SIGN_IDENTITY[sdk=iphoneos*]" = "iPhone Developer";
				COPY_PHASE_STRIP = NO;
				DEBUG_INFORMATION_FORMAT = dwarf;
				ENABLE_STRICT_OBJC_MSGSEND = YES;
				ENABLE_TESTABILITY = YES;
				GCC_C_LANGUAGE_STANDARD = gnu99;
				GCC_DYNAMIC_NO_PIC = NO;
				GCC_NO_COMMON_BLOCKS = YES;
				GCC_OPTIMIZATION_LEVEL = 0;
				GCC_PREPROCESSOR_DEFINITIONS = (
					"DEBUG=1",
					"$(inherited)",
				);
				GCC_WARN_64_TO_32_BIT_CONVERSION = YES;
				GCC_WARN_ABOUT_RETURN_TYPE = YES_ERROR;
				GCC_WARN_UNDECLARED_SELECTOR = YES;
				GCC_WARN_UNINITIALIZED_AUTOS = YES_AGGRESSIVE;
				GCC_WARN_UNUSED_FUNCTION = YES;
				GCC_WARN_UNUSED_VARIABLE = YES;
				IPHONEOS_DEPLOYMENT_TARGET = 10.0;
				MTL_ENABLE_DEBUG_INFO = YES;
				ONLY_ACTIVE_ARCH = YES;
				SDKROOT = iphoneos;
			};
			name = Debug;
		};
		AB3E09D01D972FF200600F0E /* Release */ = {
			isa = XCBuildConfiguration;
			buildSettings = {
				ALWAYS_SEARCH_USER_PATHS = NO;
				CLANG_ANALYZER_NONNULL = YES;
				CLANG_CXX_LANGUAGE_STANDARD = "gnu++0x";
				CLANG_CXX_LIBRARY = "libc++";
				CLANG_ENABLE_MODULES = YES;
				CLANG_ENABLE_OBJC_ARC = YES;
				CLANG_WARN_BOOL_CONVERSION = YES;
				CLANG_WARN_CONSTANT_CONVERSION = YES;
				CLANG_WARN_DIRECT_OBJC_ISA_USAGE = YES_ERROR;
				CLANG_WARN_DOCUMENTATION_COMMENTS = YES;
				CLANG_WARN_EMPTY_BODY = YES;
				CLANG_WARN_ENUM_CONVERSION = YES;
				CLANG_WARN_INFINITE_RECURSION = YES;
				CLANG_WARN_INT_CONVERSION = YES;
				CLANG_WARN_OBJC_ROOT_CLASS = YES_ERROR;
				CLANG_WARN_SUSPICIOUS_MOVES = YES;
				CLANG_WARN_UNREACHABLE_CODE = YES;
				CLANG_WARN__DUPLICATE_METHOD_MATCH = YES;
				"CODE_SIGN_IDENTITY[sdk=iphoneos*]" = "iPhone Developer";
				COPY_PHASE_STRIP = NO;
				DEBUG_INFORMATION_FORMAT = "dwarf-with-dsym";
				ENABLE_NS_ASSERTIONS = NO;
				ENABLE_STRICT_OBJC_MSGSEND = YES;
				GCC_C_LANGUAGE_STANDARD = gnu99;
				GCC_NO_COMMON_BLOCKS = YES;
				GCC_WARN_64_TO_32_BIT_CONVERSION = YES;
				GCC_WARN_ABOUT_RETURN_TYPE = YES_ERROR;
				GCC_WARN_UNDECLARED_SELECTOR = YES;
				GCC_WARN_UNINITIALIZED_AUTOS = YES_AGGRESSIVE;
				GCC_WARN_UNUSED_FUNCTION = YES;
				GCC_WARN_UNUSED_VARIABLE = YES;
				IPHONEOS_DEPLOYMENT_TARGET = 10.0;
				MTL_ENABLE_DEBUG_INFO = NO;
				SDKROOT = iphoneos;
				VALIDATE_PRODUCT = YES;
			};
			name = Release;
		};
		AB3E09D21D972FF200600F0E /* Debug */ = {
			isa = XCBuildConfiguration;
			baseConfigurationReference = 8A75907722D4C5E46A069D40 /* Pods-FaithMingle.debug.xcconfig */;
			buildSettings = {
				ASSETCATALOG_COMPILER_APPICON_NAME = AppIcon;
				DEFINES_MODULE = YES;
				DEVELOPMENT_TEAM = WBBPPH2MW5;
				FRAMEWORK_SEARCH_PATHS = (
					"$(inherited)",
					"$(PROJECT_DIR)/build/Debug-iphoneos/Colours",
					"$(PROJECT_DIR)/build/Debug-iphoneos/UIColor+Hex",
					"$(PROJECT_DIR)/build/Debug-iphoneos/CVCalendar",
				);
				INFOPLIST_FILE = FaithMingle/Info.plist;
				IPHONEOS_DEPLOYMENT_TARGET = 9.2;
				LD_RUNPATH_SEARCH_PATHS = "$(inherited) @executable_path/Frameworks";
				PRODUCT_BUNDLE_IDENTIFIER = ChurchLab.FaithMingle;
				PRODUCT_NAME = "$(TARGET_NAME)";
			};
			name = Debug;
		};
		AB3E09D31D972FF200600F0E /* Release */ = {
			isa = XCBuildConfiguration;
			baseConfigurationReference = 4AE4E3AB3C5500B1AB6A89BE /* Pods-FaithMingle.release.xcconfig */;
			buildSettings = {
				ASSETCATALOG_COMPILER_APPICON_NAME = AppIcon;
				DEFINES_MODULE = YES;
				DEVELOPMENT_TEAM = WBBPPH2MW5;
				FRAMEWORK_SEARCH_PATHS = (
					"$(inherited)",
					"$(PROJECT_DIR)/build/Debug-iphoneos/Colours",
					"$(PROJECT_DIR)/build/Debug-iphoneos/UIColor+Hex",
					"$(PROJECT_DIR)/build/Debug-iphoneos/CVCalendar",
				);
				INFOPLIST_FILE = FaithMingle/Info.plist;
				IPHONEOS_DEPLOYMENT_TARGET = 9.2;
				LD_RUNPATH_SEARCH_PATHS = "$(inherited) @executable_path/Frameworks";
				PRODUCT_BUNDLE_IDENTIFIER = ChurchLab.FaithMingle;
				PRODUCT_NAME = "$(TARGET_NAME)";
			};
			name = Release;
		};
/* End XCBuildConfiguration section */

/* Begin XCConfigurationList section */
		AB3E09B21D972FF100600F0E /* Build configuration list for PBXProject "FaithMingle" */ = {
			isa = XCConfigurationList;
			buildConfigurations = (
				AB3E09CF1D972FF200600F0E /* Debug */,
				AB3E09D01D972FF200600F0E /* Release */,
			);
			defaultConfigurationIsVisible = 0;
			defaultConfigurationName = Release;
		};
		AB3E09D11D972FF200600F0E /* Build configuration list for PBXNativeTarget "FaithMingle" */ = {
			isa = XCConfigurationList;
			buildConfigurations = (
				AB3E09D21D972FF200600F0E /* Debug */,
				AB3E09D31D972FF200600F0E /* Release */,
			);
			defaultConfigurationIsVisible = 0;
			defaultConfigurationName = Release;
		};
/* End XCConfigurationList section */
	};
	rootObject = AB3E09AF1D972FF100600F0E /* Project object */;
}
